
Microsoft Visual Studio Solution File, Format Version 12.00
# Visual Studio Version 17
VisualStudioVersion = 17.8.34330.188
MinimumVisualStudioVersion = 10.0.40219.1
Project("{2150E333-8FDC-42A3-9474-1A3956D46DE8}") = "Services", "Services", "{C2881782-2D87-44FE-9F23-A4F04DD8A2A5}"
EndProject
Project("{2150E333-8FDC-42A3-9474-1A3956D46DE8}") = "Catalog", "Catalog", "{62D4D709-D285-4B12-B989-F3525177C603}"
EndProject
Project("{FAE04EC0-301F-11D3-BF4B-00C04F79EFBC}") = "MultiShop.Catalog", "Services\Catalog\MultiShop.Catalog\MultiShop.Catalog.csproj", "{3EEC4200-4DFF-4F56-82EB-9E49714C8A0E}"
EndProject
Global
	GlobalSection(SolutionConfigurationPlatforms) = preSolution
		Debug|Any CPU = Debug|Any CPU
		Release|Any CPU = Release|Any CPU
	EndGlobalSection
	GlobalSection(ProjectConfigurationPlatforms) = postSolution
		{3EEC4200-4DFF-4F56-82EB-9E49714C8A0E}.Debug|Any CPU.ActiveCfg = Debug|Any CPU
		{3EEC4200-4DFF-4F56-82EB-9E49714C8A0E}.Debug|Any CPU.Build.0 = Debug|Any CPU
		{3EEC4200-4DFF-4F56-82EB-9E49714C8A0E}.Release|Any CPU.ActiveCfg = Release|Any CPU
		{3EEC4200-4DFF-4F56-82EB-9E49714C8A0E}.Release|Any CPU.Build.0 = Release|Any CPU
	EndGlobalSection
	GlobalSection(SolutionProperties) = preSolution
		HideSolutionNode = FALSE
	EndGlobalSection
	GlobalSection(NestedProjects) = preSolution
		{62D4D709-D285-4B12-B989-F3525177C603} = {C2881782-2D87-44FE-9F23-A4F04DD8A2A5}
		{3EEC4200-4DFF-4F56-82EB-9E49714C8A0E} = {62D4D709-D285-4B12-B989-F3525177C603}
	EndGlobalSection
	GlobalSection(ExtensibilityGlobals) = postSolution
		SolutionGuid = {64911ED4-D91D-4F81-B9AB-7678EA6CF39B}
	EndGlobalSection
EndGlobal
