
Microsoft Visual Studio Solution File, Format Version 12.00
# Visual Studio Version 17
VisualStudioVersion = 17.8.34330.188
MinimumVisualStudioVersion = 10.0.40219.1
Project("{2150E333-8FDC-42A3-9474-1A3956D46DE8}") = "Services", "Services", "{C2881782-2D87-44FE-9F23-A4F04DD8A2A5}"
EndProject
Project("{2150E333-8FDC-42A3-9474-1A3956D46DE8}") = "Catalog", "Catalog", "{62D4D709-D285-4B12-B989-F3525177C603}"
EndProject
Project("{9A19103F-16F7-4668-BE54-9A1E7A4F7556}") = "MultiShop.Catalog", "Services\Catalog\MultiShop.Catalog\MultiShop.Catalog.csproj", "{3EEC4200-4DFF-4F56-82EB-9E49714C8A0E}"
EndProject
Project("{2150E333-8FDC-42A3-9474-1A3956D46DE8}") = "Discount", "Discount", "{EE45E858-8180-4ED9-AC1C-34CB42E9FF05}"
EndProject
Project("{9A19103F-16F7-4668-BE54-9A1E7A4F7556}") = "MultiShop.Discount", "Services\Discount\MultiShop.Discount\MultiShop.Discount.csproj", "{FF69E680-4244-4D38-8A89-DB514E915623}"
EndProject
Project("{2150E333-8FDC-42A3-9474-1A3956D46DE8}") = "Order", "Order", "{6DC8650D-9E9C-41A7-A2BD-3E985042DAF2}"
EndProject
Project("{2150E333-8FDC-42A3-9474-1A3956D46DE8}") = "IdentityServer", "IdentityServer", "{0D30A2FC-1E71-44F9-848B-7B884BDA4C7D}"
EndProject
Project("{9A19103F-16F7-4668-BE54-9A1E7A4F7556}") = "MultiShop.IdentityServer", "IdentityServer\MultiShop.IdentityServer\MultiShop.IdentityServer.csproj", "{1E6768F1-B4E1-4766-BFFA-605F96A2014C}"
EndProject
Project("{2150E333-8FDC-42A3-9474-1A3956D46DE8}") = "Cargo", "Cargo", "{0FFC35DD-4025-4B5D-AEBA-04915300F338}"
EndProject
Project("{9A19103F-16F7-4668-BE54-9A1E7A4F7556}") = "MultiShop.Cargo.EntityLayer", "Services\Cargo\MultiShop.Cargo.EntityLayer\MultiShop.Cargo.EntityLayer.csproj", "{3DFCC37C-6925-4A47-AB78-F99E05DF02CD}"
EndProject
Project("{9A19103F-16F7-4668-BE54-9A1E7A4F7556}") = "MultiShop.Cargo.BusinessLayer", "Services\Cargo\MultiShop.Cargo.BusinessLayer\MultiShop.Cargo.BusinessLayer.csproj", "{C20BAB2A-7C60-44AB-9271-AA471828AE9C}"
EndProject
Project("{9A19103F-16F7-4668-BE54-9A1E7A4F7556}") = "MultiShop.Cargo.DataAccessLayer", "Services\Cargo\MultiShop.Cargo.DataAccessLayer\MultiShop.Cargo.DataAccessLayer.csproj", "{87ABA7A3-10EE-41AC-B543-73148DDFF6E4}"
EndProject
Project("{9A19103F-16F7-4668-BE54-9A1E7A4F7556}") = "MultiShop.Cargo.DtoLayer", "Services\Cargo\MultiShop.Cargo.DtoLayer\MultiShop.Cargo.DtoLayer.csproj", "{57D790B0-1FA8-4519-82AB-1C92CAD22E44}"
EndProject
Project("{9A19103F-16F7-4668-BE54-9A1E7A4F7556}") = "MultiShop.Cargo.WebApi", "Services\Cargo\MultiShop.Cargo.WebApi\MultiShop.Cargo.WebApi.csproj", "{FAF56465-7FF3-4D79-9E31-AB5D0D85E086}"
EndProject
Project("{2150E333-8FDC-42A3-9474-1A3956D46DE8}") = "Basket", "Basket", "{3C580502-56A4-450F-A992-43171D7BCC9B}"
EndProject
Project("{9A19103F-16F7-4668-BE54-9A1E7A4F7556}") = "MultiShop.Basket", "Services\Basket\MultiShop.Basket\MultiShop.Basket.csproj", "{F050DC96-DF41-4FB3-8E96-CB42D86BDCE7}"
EndProject
Project("{2150E333-8FDC-42A3-9474-1A3956D46DE8}") = "Frontends", "Frontends", "{77B792D2-1826-4138-B75C-1E5872E39B2D}"
EndProject
Project("{9A19103F-16F7-4668-BE54-9A1E7A4F7556}") = "MultiShop.WebUI", "Frontends\MultiShop.WebUI\MultiShop.WebUI.csproj", "{419FFE46-87F7-45DA-A454-8C14D470F2CF}"
EndProject
Project("{9A19103F-16F7-4668-BE54-9A1E7A4F7556}") = "MultiShop.DtoLayer", "Frontends\MultiShop.DtoLayer\MultiShop.DtoLayer.csproj", "{F8877355-7EBA-48BA-B74B-F906F825E47B}"
EndProject
Project("{2150E333-8FDC-42A3-9474-1A3956D46DE8}") = "Requirements", "Requirements", "{A3918456-40A7-4726-8F91-0B0F6167BA6D}"
	ProjectSection(SolutionItems) = preProject
		PortNumbers.txt = PortNumbers.txt
	EndProjectSection
EndProject
Project("{2150E333-8FDC-42A3-9474-1A3956D46DE8}") = "Core", "Core", "{12854CC4-466B-4C90-AA64-8C5886B2E3C7}"
EndProject
Project("{9A19103F-16F7-4668-BE54-9A1E7A4F7556}") = "MultiShop.Core", "Core\MultiShop.Core\MultiShop.Core.csproj", "{8A664309-237C-42BB-8EAD-92FD304C2ADE}"
EndProject
Project("{2150E333-8FDC-42A3-9474-1A3956D46DE8}") = "Comment", "Comment", "{CB2D1E12-78FB-4D4B-9E38-C596015C4448}"
EndProject
Project("{9A19103F-16F7-4668-BE54-9A1E7A4F7556}") = "MultiShop.Comment", "Services\Comment\MultiShop.Comment\MultiShop.Comment.csproj", "{37F8E980-7E55-4C12-A664-1033E46D936E}"
EndProject
Project("{2150E333-8FDC-42A3-9474-1A3956D46DE8}") = "ApiGateway", "ApiGateway", "{5CCB2971-691B-4984-9E6C-10872034B887}"
EndProject
Project("{9A19103F-16F7-4668-BE54-9A1E7A4F7556}") = "MultiShop.OcelotGateway", "ApiGateway\MultiShop.OcelotGateway\MultiShop.OcelotGateway.csproj", "{6EA69767-C4AB-4EE7-B766-9BEE4173CF28}"
EndProject
Project("{9A19103F-16F7-4668-BE54-9A1E7A4F7556}") = "MultiShop.Order.Application", "Services\Order\MultiShop.Order.Application\MultiShop.Order.Application.csproj", "{80556855-188E-498E-A67A-7A5F8A7B9C8F}"
EndProject
Project("{9A19103F-16F7-4668-BE54-9A1E7A4F7556}") = "MultiShop.Order.Domain", "Services\Order\MultiShop.Order.Domain\MultiShop.Order.Domain.csproj", "{6D72429B-DCC7-4F56-BE0F-4A5AED72808F}"
EndProject
Project("{9A19103F-16F7-4668-BE54-9A1E7A4F7556}") = "MultiShop.Order.Persistance", "Services\Order\MultiShop.Order.Persistance\MultiShop.Order.Persistance.csproj", "{5481917C-2426-48E2-8D65-9F49D1BB0FB3}"
EndProject
Project("{9A19103F-16F7-4668-BE54-9A1E7A4F7556}") = "MultiShop.Order.WebApi", "Services\Order\MultiShop.Order.WebApi\MultiShop.Order.WebApi.csproj", "{751969FB-2C64-4F6A-915F-8AD009CA9EDE}"
EndProject
Global
	GlobalSection(SolutionConfigurationPlatforms) = preSolution
		Debug|Any CPU = Debug|Any CPU
		Release|Any CPU = Release|Any CPU
	EndGlobalSection
	GlobalSection(ProjectConfigurationPlatforms) = postSolution
		{3EEC4200-4DFF-4F56-82EB-9E49714C8A0E}.Debug|Any CPU.ActiveCfg = Debug|Any CPU
		{3EEC4200-4DFF-4F56-82EB-9E49714C8A0E}.Debug|Any CPU.Build.0 = Debug|Any CPU
		{3EEC4200-4DFF-4F56-82EB-9E49714C8A0E}.Release|Any CPU.ActiveCfg = Release|Any CPU
		{3EEC4200-4DFF-4F56-82EB-9E49714C8A0E}.Release|Any CPU.Build.0 = Release|Any CPU
		{FF69E680-4244-4D38-8A89-DB514E915623}.Debug|Any CPU.ActiveCfg = Debug|Any CPU
		{FF69E680-4244-4D38-8A89-DB514E915623}.Debug|Any CPU.Build.0 = Debug|Any CPU
		{FF69E680-4244-4D38-8A89-DB514E915623}.Release|Any CPU.ActiveCfg = Release|Any CPU
		{FF69E680-4244-4D38-8A89-DB514E915623}.Release|Any CPU.Build.0 = Release|Any CPU
		{1E6768F1-B4E1-4766-BFFA-605F96A2014C}.Debug|Any CPU.ActiveCfg = Debug|Any CPU
		{1E6768F1-B4E1-4766-BFFA-605F96A2014C}.Debug|Any CPU.Build.0 = Debug|Any CPU
		{1E6768F1-B4E1-4766-BFFA-605F96A2014C}.Release|Any CPU.ActiveCfg = Release|Any CPU
		{1E6768F1-B4E1-4766-BFFA-605F96A2014C}.Release|Any CPU.Build.0 = Release|Any CPU
		{3DFCC37C-6925-4A47-AB78-F99E05DF02CD}.Debug|Any CPU.ActiveCfg = Debug|Any CPU
		{3DFCC37C-6925-4A47-AB78-F99E05DF02CD}.Debug|Any CPU.Build.0 = Debug|Any CPU
		{3DFCC37C-6925-4A47-AB78-F99E05DF02CD}.Release|Any CPU.ActiveCfg = Release|Any CPU
		{3DFCC37C-6925-4A47-AB78-F99E05DF02CD}.Release|Any CPU.Build.0 = Release|Any CPU
		{C20BAB2A-7C60-44AB-9271-AA471828AE9C}.Debug|Any CPU.ActiveCfg = Debug|Any CPU
		{C20BAB2A-7C60-44AB-9271-AA471828AE9C}.Debug|Any CPU.Build.0 = Debug|Any CPU
		{C20BAB2A-7C60-44AB-9271-AA471828AE9C}.Release|Any CPU.ActiveCfg = Release|Any CPU
		{C20BAB2A-7C60-44AB-9271-AA471828AE9C}.Release|Any CPU.Build.0 = Release|Any CPU
		{87ABA7A3-10EE-41AC-B543-73148DDFF6E4}.Debug|Any CPU.ActiveCfg = Debug|Any CPU
		{87ABA7A3-10EE-41AC-B543-73148DDFF6E4}.Debug|Any CPU.Build.0 = Debug|Any CPU
		{87ABA7A3-10EE-41AC-B543-73148DDFF6E4}.Release|Any CPU.ActiveCfg = Release|Any CPU
		{87ABA7A3-10EE-41AC-B543-73148DDFF6E4}.Release|Any CPU.Build.0 = Release|Any CPU
		{57D790B0-1FA8-4519-82AB-1C92CAD22E44}.Debug|Any CPU.ActiveCfg = Debug|Any CPU
		{57D790B0-1FA8-4519-82AB-1C92CAD22E44}.Debug|Any CPU.Build.0 = Debug|Any CPU
		{57D790B0-1FA8-4519-82AB-1C92CAD22E44}.Release|Any CPU.ActiveCfg = Release|Any CPU
		{57D790B0-1FA8-4519-82AB-1C92CAD22E44}.Release|Any CPU.Build.0 = Release|Any CPU
		{FAF56465-7FF3-4D79-9E31-AB5D0D85E086}.Debug|Any CPU.ActiveCfg = Debug|Any CPU
		{FAF56465-7FF3-4D79-9E31-AB5D0D85E086}.Debug|Any CPU.Build.0 = Debug|Any CPU
		{FAF56465-7FF3-4D79-9E31-AB5D0D85E086}.Release|Any CPU.ActiveCfg = Release|Any CPU
		{FAF56465-7FF3-4D79-9E31-AB5D0D85E086}.Release|Any CPU.Build.0 = Release|Any CPU
		{F050DC96-DF41-4FB3-8E96-CB42D86BDCE7}.Debug|Any CPU.ActiveCfg = Debug|Any CPU
		{F050DC96-DF41-4FB3-8E96-CB42D86BDCE7}.Debug|Any CPU.Build.0 = Debug|Any CPU
		{F050DC96-DF41-4FB3-8E96-CB42D86BDCE7}.Release|Any CPU.ActiveCfg = Release|Any CPU
		{F050DC96-DF41-4FB3-8E96-CB42D86BDCE7}.Release|Any CPU.Build.0 = Release|Any CPU
		{419FFE46-87F7-45DA-A454-8C14D470F2CF}.Debug|Any CPU.ActiveCfg = Debug|Any CPU
		{419FFE46-87F7-45DA-A454-8C14D470F2CF}.Debug|Any CPU.Build.0 = Debug|Any CPU
		{419FFE46-87F7-45DA-A454-8C14D470F2CF}.Release|Any CPU.ActiveCfg = Release|Any CPU
		{419FFE46-87F7-45DA-A454-8C14D470F2CF}.Release|Any CPU.Build.0 = Release|Any CPU
		{F8877355-7EBA-48BA-B74B-F906F825E47B}.Debug|Any CPU.ActiveCfg = Debug|Any CPU
		{F8877355-7EBA-48BA-B74B-F906F825E47B}.Debug|Any CPU.Build.0 = Debug|Any CPU
		{F8877355-7EBA-48BA-B74B-F906F825E47B}.Release|Any CPU.ActiveCfg = Release|Any CPU
		{F8877355-7EBA-48BA-B74B-F906F825E47B}.Release|Any CPU.Build.0 = Release|Any CPU
		{8A664309-237C-42BB-8EAD-92FD304C2ADE}.Debug|Any CPU.ActiveCfg = Debug|Any CPU
		{8A664309-237C-42BB-8EAD-92FD304C2ADE}.Debug|Any CPU.Build.0 = Debug|Any CPU
		{8A664309-237C-42BB-8EAD-92FD304C2ADE}.Release|Any CPU.ActiveCfg = Release|Any CPU
		{8A664309-237C-42BB-8EAD-92FD304C2ADE}.Release|Any CPU.Build.0 = Release|Any CPU
		{37F8E980-7E55-4C12-A664-1033E46D936E}.Debug|Any CPU.ActiveCfg = Debug|Any CPU
		{37F8E980-7E55-4C12-A664-1033E46D936E}.Debug|Any CPU.Build.0 = Debug|Any CPU
		{37F8E980-7E55-4C12-A664-1033E46D936E}.Release|Any CPU.ActiveCfg = Release|Any CPU
		{37F8E980-7E55-4C12-A664-1033E46D936E}.Release|Any CPU.Build.0 = Release|Any CPU
		{6EA69767-C4AB-4EE7-B766-9BEE4173CF28}.Debug|Any CPU.ActiveCfg = Debug|Any CPU
		{6EA69767-C4AB-4EE7-B766-9BEE4173CF28}.Debug|Any CPU.Build.0 = Debug|Any CPU
		{6EA69767-C4AB-4EE7-B766-9BEE4173CF28}.Release|Any CPU.ActiveCfg = Release|Any CPU
		{6EA69767-C4AB-4EE7-B766-9BEE4173CF28}.Release|Any CPU.Build.0 = Release|Any CPU
		{80556855-188E-498E-A67A-7A5F8A7B9C8F}.Debug|Any CPU.ActiveCfg = Debug|Any CPU
		{80556855-188E-498E-A67A-7A5F8A7B9C8F}.Debug|Any CPU.Build.0 = Debug|Any CPU
		{80556855-188E-498E-A67A-7A5F8A7B9C8F}.Release|Any CPU.ActiveCfg = Release|Any CPU
		{80556855-188E-498E-A67A-7A5F8A7B9C8F}.Release|Any CPU.Build.0 = Release|Any CPU
		{6D72429B-DCC7-4F56-BE0F-4A5AED72808F}.Debug|Any CPU.ActiveCfg = Debug|Any CPU
		{6D72429B-DCC7-4F56-BE0F-4A5AED72808F}.Debug|Any CPU.Build.0 = Debug|Any CPU
		{6D72429B-DCC7-4F56-BE0F-4A5AED72808F}.Release|Any CPU.ActiveCfg = Release|Any CPU
		{6D72429B-DCC7-4F56-BE0F-4A5AED72808F}.Release|Any CPU.Build.0 = Release|Any CPU
		{5481917C-2426-48E2-8D65-9F49D1BB0FB3}.Debug|Any CPU.ActiveCfg = Debug|Any CPU
		{5481917C-2426-48E2-8D65-9F49D1BB0FB3}.Debug|Any CPU.Build.0 = Debug|Any CPU
		{5481917C-2426-48E2-8D65-9F49D1BB0FB3}.Release|Any CPU.ActiveCfg = Release|Any CPU
		{5481917C-2426-48E2-8D65-9F49D1BB0FB3}.Release|Any CPU.Build.0 = Release|Any CPU
		{751969FB-2C64-4F6A-915F-8AD009CA9EDE}.Debug|Any CPU.ActiveCfg = Debug|Any CPU
		{751969FB-2C64-4F6A-915F-8AD009CA9EDE}.Debug|Any CPU.Build.0 = Debug|Any CPU
		{751969FB-2C64-4F6A-915F-8AD009CA9EDE}.Release|Any CPU.ActiveCfg = Release|Any CPU
		{751969FB-2C64-4F6A-915F-8AD009CA9EDE}.Release|Any CPU.Build.0 = Release|Any CPU
	EndGlobalSection
	GlobalSection(SolutionProperties) = preSolution
		HideSolutionNode = FALSE
	EndGlobalSection
	GlobalSection(NestedProjects) = preSolution
		{62D4D709-D285-4B12-B989-F3525177C603} = {C2881782-2D87-44FE-9F23-A4F04DD8A2A5}
		{3EEC4200-4DFF-4F56-82EB-9E49714C8A0E} = {62D4D709-D285-4B12-B989-F3525177C603}
		{EE45E858-8180-4ED9-AC1C-34CB42E9FF05} = {C2881782-2D87-44FE-9F23-A4F04DD8A2A5}
		{FF69E680-4244-4D38-8A89-DB514E915623} = {EE45E858-8180-4ED9-AC1C-34CB42E9FF05}
		{6DC8650D-9E9C-41A7-A2BD-3E985042DAF2} = {C2881782-2D87-44FE-9F23-A4F04DD8A2A5}
		{1E6768F1-B4E1-4766-BFFA-605F96A2014C} = {0D30A2FC-1E71-44F9-848B-7B884BDA4C7D}
		{0FFC35DD-4025-4B5D-AEBA-04915300F338} = {C2881782-2D87-44FE-9F23-A4F04DD8A2A5}
		{3DFCC37C-6925-4A47-AB78-F99E05DF02CD} = {0FFC35DD-4025-4B5D-AEBA-04915300F338}
		{C20BAB2A-7C60-44AB-9271-AA471828AE9C} = {0FFC35DD-4025-4B5D-AEBA-04915300F338}
		{87ABA7A3-10EE-41AC-B543-73148DDFF6E4} = {0FFC35DD-4025-4B5D-AEBA-04915300F338}
		{57D790B0-1FA8-4519-82AB-1C92CAD22E44} = {0FFC35DD-4025-4B5D-AEBA-04915300F338}
		{FAF56465-7FF3-4D79-9E31-AB5D0D85E086} = {0FFC35DD-4025-4B5D-AEBA-04915300F338}
		{3C580502-56A4-450F-A992-43171D7BCC9B} = {C2881782-2D87-44FE-9F23-A4F04DD8A2A5}
		{F050DC96-DF41-4FB3-8E96-CB42D86BDCE7} = {3C580502-56A4-450F-A992-43171D7BCC9B}
		{419FFE46-87F7-45DA-A454-8C14D470F2CF} = {77B792D2-1826-4138-B75C-1E5872E39B2D}
		{F8877355-7EBA-48BA-B74B-F906F825E47B} = {77B792D2-1826-4138-B75C-1E5872E39B2D}
		{8A664309-237C-42BB-8EAD-92FD304C2ADE} = {12854CC4-466B-4C90-AA64-8C5886B2E3C7}
		{CB2D1E12-78FB-4D4B-9E38-C596015C4448} = {C2881782-2D87-44FE-9F23-A4F04DD8A2A5}
		{37F8E980-7E55-4C12-A664-1033E46D936E} = {CB2D1E12-78FB-4D4B-9E38-C596015C4448}
		{6EA69767-C4AB-4EE7-B766-9BEE4173CF28} = {5CCB2971-691B-4984-9E6C-10872034B887}
		{80556855-188E-498E-A67A-7A5F8A7B9C8F} = {6DC8650D-9E9C-41A7-A2BD-3E985042DAF2}
		{6D72429B-DCC7-4F56-BE0F-4A5AED72808F} = {6DC8650D-9E9C-41A7-A2BD-3E985042DAF2}
		{5481917C-2426-48E2-8D65-9F49D1BB0FB3} = {6DC8650D-9E9C-41A7-A2BD-3E985042DAF2}
		{751969FB-2C64-4F6A-915F-8AD009CA9EDE} = {6DC8650D-9E9C-41A7-A2BD-3E985042DAF2}
	EndGlobalSection
	GlobalSection(ExtensibilityGlobals) = postSolution
		SolutionGuid = {64911ED4-D91D-4F81-B9AB-7678EA6CF39B}
	EndGlobalSection
EndGlobal
