
Microsoft Visual Studio Solution File, Format Version 12.00
# Visual Studio Version 17
VisualStudioVersion = 17.8.34330.188
MinimumVisualStudioVersion = 10.0.40219.1
Project("{2150E333-8FDC-42A3-9474-1A3956D46DE8}") = "Services", "Services", "{C2881782-2D87-44FE-9F23-A4F04DD8A2A5}"
EndProject
Project("{2150E333-8FDC-42A3-9474-1A3956D46DE8}") = "Catalog", "Catalog", "{62D4D709-D285-4B12-B989-F3525177C603}"
EndProject
Project("{2150E333-8FDC-42A3-9474-1A3956D46DE8}") = "Discount", "Discount", "{EE45E858-8180-4ED9-AC1C-34CB42E9FF05}"
EndProject
Project("{2150E333-8FDC-42A3-9474-1A3956D46DE8}") = "Order", "Order", "{6DC8650D-9E9C-41A7-A2BD-3E985042DAF2}"
EndProject
Project("{2150E333-8FDC-42A3-9474-1A3956D46DE8}") = "IdentityServer", "IdentityServer", "{0D30A2FC-1E71-44F9-848B-7B884BDA4C7D}"
EndProject
Project("{9A19103F-16F7-4668-BE54-9A1E7A4F7556}") = "MultiShop.IdentityServer", "IdentityServer\MultiShop.IdentityServer\MultiShop.IdentityServer.csproj", "{1E6768F1-B4E1-4766-BFFA-605F96A2014C}"
EndProject
Project("{2150E333-8FDC-42A3-9474-1A3956D46DE8}") = "Cargo", "Cargo", "{0FFC35DD-4025-4B5D-AEBA-04915300F338}"
EndProject
Project("{2150E333-8FDC-42A3-9474-1A3956D46DE8}") = "Basket", "Basket", "{3C580502-56A4-450F-A992-43171D7BCC9B}"
EndProject
Project("{2150E333-8FDC-42A3-9474-1A3956D46DE8}") = "Frontends", "Frontends", "{77B792D2-1826-4138-B75C-1E5872E39B2D}"
EndProject
Project("{9A19103F-16F7-4668-BE54-9A1E7A4F7556}") = "MultiShop.WebUI", "Frontends\MultiShop.WebUI\MultiShop.WebUI.csproj", "{419FFE46-87F7-45DA-A454-8C14D470F2CF}"
EndProject
Project("{9A19103F-16F7-4668-BE54-9A1E7A4F7556}") = "MultiShop.DtoLayer", "Frontends\MultiShop.DtoLayer\MultiShop.DtoLayer.csproj", "{F8877355-7EBA-48BA-B74B-F906F825E47B}"
EndProject
Project("{2150E333-8FDC-42A3-9474-1A3956D46DE8}") = "Requirements", "Requirements", "{A3918456-40A7-4726-8F91-0B0F6167BA6D}"
EndProject
Project("{2150E333-8FDC-42A3-9474-1A3956D46DE8}") = "Core", "Core", "{12854CC4-466B-4C90-AA64-8C5886B2E3C7}"
EndProject
Project("{9A19103F-16F7-4668-BE54-9A1E7A4F7556}") = "MultiShop.Core", "Core\MultiShop.Core\MultiShop.Core.csproj", "{8A664309-237C-42BB-8EAD-92FD304C2ADE}"
EndProject
Project("{2150E333-8FDC-42A3-9474-1A3956D46DE8}") = "Comment", "Comment", "{CB2D1E12-78FB-4D4B-9E38-C596015C4448}"
EndProject
Project("{2150E333-8FDC-42A3-9474-1A3956D46DE8}") = "ApiGateway", "ApiGateway", "{5CCB2971-691B-4984-9E6C-10872034B887}"
EndProject
Project("{9A19103F-16F7-4668-BE54-9A1E7A4F7556}") = "MultiShop.OcelotGateway", "ApiGateway\MultiShop.OcelotGateway\MultiShop.OcelotGateway.csproj", "{6EA69767-C4AB-4EE7-B766-9BEE4173CF28}"
EndProject
Project("{2150E333-8FDC-42A3-9474-1A3956D46DE8}") = "Message", "Message", "{CDC3E186-D663-4144-8A0E-DB98CA0586D0}"
EndProject
Project("{FAE04EC0-301F-11D3-BF4B-00C04F79EFBC}") = "MultiShop.Basket.WebApi", "Services\Basket\MultiShop.Basket.WebApi\MultiShop.Basket.WebApi.csproj", "{196EC8CA-5B80-4F38-8544-8A30D41FCDFE}"
EndProject
Project("{FAE04EC0-301F-11D3-BF4B-00C04F79EFBC}") = "MultiShop.Cargo.Business", "Services\Cargo\MultiShop.Cargo.Business\MultiShop.Cargo.Business.csproj", "{AFBA3C87-C1A1-4CA2-8AB9-72EDC02524B1}"
EndProject
Project("{FAE04EC0-301F-11D3-BF4B-00C04F79EFBC}") = "MultiShop.Cargo.DataAccess", "Services\Cargo\MultiShop.Cargo.DataAccess\MultiShop.Cargo.DataAccess.csproj", "{00C6501D-C79E-42EC-B399-8992FD714BC3}"
EndProject
Project("{FAE04EC0-301F-11D3-BF4B-00C04F79EFBC}") = "MultiShop.Cargo.Dto", "Services\Cargo\MultiShop.Cargo.Dto\MultiShop.Cargo.Dto.csproj", "{67CC04CD-ED86-4BC2-B23B-C22BC0C858CE}"
EndProject
Project("{FAE04EC0-301F-11D3-BF4B-00C04F79EFBC}") = "MultiShop.Cargo.Entity", "Services\Cargo\MultiShop.Cargo.Entity\MultiShop.Cargo.Entity.csproj", "{3B3C6348-2429-4025-B7BD-F138B2BA61AF}"
EndProject
Project("{FAE04EC0-301F-11D3-BF4B-00C04F79EFBC}") = "MultiShop.Cargo.WebApi", "Services\Cargo\MultiShop.Cargo.WebApi\MultiShop.Cargo.WebApi.csproj", "{B84118B7-684A-4947-B14E-BD650310FF8F}"
EndProject
Project("{FAE04EC0-301F-11D3-BF4B-00C04F79EFBC}") = "MultiShop.Catalog.WebApi", "Services\Catalog\MultiShop.Catalog.WebApi\MultiShop.Catalog.WebApi.csproj", "{2E529E4B-32E6-4C25-AC2E-5362AA167A1C}"
EndProject
Project("{FAE04EC0-301F-11D3-BF4B-00C04F79EFBC}") = "MultiShop.Comment.WebApi", "Services\Comment\MultiShop.Comment.WebApi\MultiShop.Comment.WebApi.csproj", "{4951B099-2FEB-466A-BD28-56969D07786A}"
EndProject
Project("{FAE04EC0-301F-11D3-BF4B-00C04F79EFBC}") = "MultiShop.Discount.WebApi", "Services\Discount\MultiShop.Discount.WebApi\MultiShop.Discount.WebApi.csproj", "{3C8E3104-7C8D-4C4A-9293-EA68E82DA56D}"
EndProject
Project("{FAE04EC0-301F-11D3-BF4B-00C04F79EFBC}") = "MultiShop.Message.Business", "Services\Message\MultiShop.Message.Business\MultiShop.Message.Business.csproj", "{0467355A-620B-4EA4-8781-60D671E2166E}"
EndProject
Project("{FAE04EC0-301F-11D3-BF4B-00C04F79EFBC}") = "MultiShop.Message.DataAccess", "Services\Message\MultiShop.Message.DataAccess\MultiShop.Message.DataAccess.csproj", "{B731CDDC-726A-4345-8C56-D848A8B97F68}"
EndProject
Project("{FAE04EC0-301F-11D3-BF4B-00C04F79EFBC}") = "MultiShop.Message.Dto", "Services\Message\MultiShop.Message.Dto\MultiShop.Message.Dto.csproj", "{999996F8-895A-4A7F-97A6-5862AC1FF2C4}"
EndProject
Project("{FAE04EC0-301F-11D3-BF4B-00C04F79EFBC}") = "MultiShop.Message.Entity", "Services\Message\MultiShop.Message.Entity\MultiShop.Message.Entity.csproj", "{C0F5B783-7EFC-4D48-B24A-47D1535968C3}"
EndProject
Project("{FAE04EC0-301F-11D3-BF4B-00C04F79EFBC}") = "MultiShop.Message.WebApi", "Services\Message\MultiShop.Message.WebApi\MultiShop.Message.WebApi.csproj", "{ED2CC531-BE78-48FE-A466-5812095D751A}"
EndProject
Project("{FAE04EC0-301F-11D3-BF4B-00C04F79EFBC}") = "MultiShop.Order.Application", "Services\Order\MultiShop.Order.Application\MultiShop.Order.Application.csproj", "{0FE98A67-5CDB-4EC6-8C3C-171CCDA4A1C9}"
EndProject
Project("{FAE04EC0-301F-11D3-BF4B-00C04F79EFBC}") = "MultiShop.Order.Domain", "Services\Order\MultiShop.Order.Domain\MultiShop.Order.Domain.csproj", "{6A5098EC-B30E-4B4B-8C61-92191084C2A7}"
EndProject
Project("{FAE04EC0-301F-11D3-BF4B-00C04F79EFBC}") = "MultiShop.Order.Persistance", "Services\Order\MultiShop.Order.Persistance\MultiShop.Order.Persistance.csproj", "{C4AA0417-9B72-4C9B-A099-7C1606D30703}"
EndProject
Project("{FAE04EC0-301F-11D3-BF4B-00C04F79EFBC}") = "MultiShop.Order.WebApi", "Services\Order\MultiShop.Order.WebApi\MultiShop.Order.WebApi.csproj", "{6B74D357-6EF5-4694-9557-7AA334C324A9}"
EndProject
Global
	GlobalSection(SolutionConfigurationPlatforms) = preSolution
		Debug|Any CPU = Debug|Any CPU
		Release|Any CPU = Release|Any CPU
	EndGlobalSection
	GlobalSection(ProjectConfigurationPlatforms) = postSolution
		{1E6768F1-B4E1-4766-BFFA-605F96A2014C}.Debug|Any CPU.ActiveCfg = Debug|Any CPU
		{1E6768F1-B4E1-4766-BFFA-605F96A2014C}.Debug|Any CPU.Build.0 = Debug|Any CPU
		{1E6768F1-B4E1-4766-BFFA-605F96A2014C}.Release|Any CPU.ActiveCfg = Release|Any CPU
		{1E6768F1-B4E1-4766-BFFA-605F96A2014C}.Release|Any CPU.Build.0 = Release|Any CPU
		{419FFE46-87F7-45DA-A454-8C14D470F2CF}.Debug|Any CPU.ActiveCfg = Debug|Any CPU
		{419FFE46-87F7-45DA-A454-8C14D470F2CF}.Debug|Any CPU.Build.0 = Debug|Any CPU
		{419FFE46-87F7-45DA-A454-8C14D470F2CF}.Release|Any CPU.ActiveCfg = Release|Any CPU
		{419FFE46-87F7-45DA-A454-8C14D470F2CF}.Release|Any CPU.Build.0 = Release|Any CPU
		{F8877355-7EBA-48BA-B74B-F906F825E47B}.Debug|Any CPU.ActiveCfg = Debug|Any CPU
		{F8877355-7EBA-48BA-B74B-F906F825E47B}.Debug|Any CPU.Build.0 = Debug|Any CPU
		{F8877355-7EBA-48BA-B74B-F906F825E47B}.Release|Any CPU.ActiveCfg = Release|Any CPU
		{F8877355-7EBA-48BA-B74B-F906F825E47B}.Release|Any CPU.Build.0 = Release|Any CPU
		{8A664309-237C-42BB-8EAD-92FD304C2ADE}.Debug|Any CPU.ActiveCfg = Debug|Any CPU
		{8A664309-237C-42BB-8EAD-92FD304C2ADE}.Debug|Any CPU.Build.0 = Debug|Any CPU
		{8A664309-237C-42BB-8EAD-92FD304C2ADE}.Release|Any CPU.ActiveCfg = Release|Any CPU
		{8A664309-237C-42BB-8EAD-92FD304C2ADE}.Release|Any CPU.Build.0 = Release|Any CPU
		{6EA69767-C4AB-4EE7-B766-9BEE4173CF28}.Debug|Any CPU.ActiveCfg = Debug|Any CPU
		{6EA69767-C4AB-4EE7-B766-9BEE4173CF28}.Debug|Any CPU.Build.0 = Debug|Any CPU
		{6EA69767-C4AB-4EE7-B766-9BEE4173CF28}.Release|Any CPU.ActiveCfg = Release|Any CPU
		{6EA69767-C4AB-4EE7-B766-9BEE4173CF28}.Release|Any CPU.Build.0 = Release|Any CPU
		{196EC8CA-5B80-4F38-8544-8A30D41FCDFE}.Debug|Any CPU.ActiveCfg = Debug|Any CPU
		{196EC8CA-5B80-4F38-8544-8A30D41FCDFE}.Debug|Any CPU.Build.0 = Debug|Any CPU
		{196EC8CA-5B80-4F38-8544-8A30D41FCDFE}.Release|Any CPU.ActiveCfg = Release|Any CPU
		{196EC8CA-5B80-4F38-8544-8A30D41FCDFE}.Release|Any CPU.Build.0 = Release|Any CPU
		{AFBA3C87-C1A1-4CA2-8AB9-72EDC02524B1}.Debug|Any CPU.ActiveCfg = Debug|Any CPU
		{AFBA3C87-C1A1-4CA2-8AB9-72EDC02524B1}.Debug|Any CPU.Build.0 = Debug|Any CPU
		{AFBA3C87-C1A1-4CA2-8AB9-72EDC02524B1}.Release|Any CPU.ActiveCfg = Release|Any CPU
		{AFBA3C87-C1A1-4CA2-8AB9-72EDC02524B1}.Release|Any CPU.Build.0 = Release|Any CPU
		{00C6501D-C79E-42EC-B399-8992FD714BC3}.Debug|Any CPU.ActiveCfg = Debug|Any CPU
		{00C6501D-C79E-42EC-B399-8992FD714BC3}.Debug|Any CPU.Build.0 = Debug|Any CPU
		{00C6501D-C79E-42EC-B399-8992FD714BC3}.Release|Any CPU.ActiveCfg = Release|Any CPU
		{00C6501D-C79E-42EC-B399-8992FD714BC3}.Release|Any CPU.Build.0 = Release|Any CPU
		{67CC04CD-ED86-4BC2-B23B-C22BC0C858CE}.Debug|Any CPU.ActiveCfg = Debug|Any CPU
		{67CC04CD-ED86-4BC2-B23B-C22BC0C858CE}.Debug|Any CPU.Build.0 = Debug|Any CPU
		{67CC04CD-ED86-4BC2-B23B-C22BC0C858CE}.Release|Any CPU.ActiveCfg = Release|Any CPU
		{67CC04CD-ED86-4BC2-B23B-C22BC0C858CE}.Release|Any CPU.Build.0 = Release|Any CPU
		{3B3C6348-2429-4025-B7BD-F138B2BA61AF}.Debug|Any CPU.ActiveCfg = Debug|Any CPU
		{3B3C6348-2429-4025-B7BD-F138B2BA61AF}.Debug|Any CPU.Build.0 = Debug|Any CPU
		{3B3C6348-2429-4025-B7BD-F138B2BA61AF}.Release|Any CPU.ActiveCfg = Release|Any CPU
		{3B3C6348-2429-4025-B7BD-F138B2BA61AF}.Release|Any CPU.Build.0 = Release|Any CPU
		{B84118B7-684A-4947-B14E-BD650310FF8F}.Debug|Any CPU.ActiveCfg = Debug|Any CPU
		{B84118B7-684A-4947-B14E-BD650310FF8F}.Debug|Any CPU.Build.0 = Debug|Any CPU
		{B84118B7-684A-4947-B14E-BD650310FF8F}.Release|Any CPU.ActiveCfg = Release|Any CPU
		{B84118B7-684A-4947-B14E-BD650310FF8F}.Release|Any CPU.Build.0 = Release|Any CPU
		{2E529E4B-32E6-4C25-AC2E-5362AA167A1C}.Debug|Any CPU.ActiveCfg = Debug|Any CPU
		{2E529E4B-32E6-4C25-AC2E-5362AA167A1C}.Debug|Any CPU.Build.0 = Debug|Any CPU
		{2E529E4B-32E6-4C25-AC2E-5362AA167A1C}.Release|Any CPU.ActiveCfg = Release|Any CPU
		{2E529E4B-32E6-4C25-AC2E-5362AA167A1C}.Release|Any CPU.Build.0 = Release|Any CPU
		{4951B099-2FEB-466A-BD28-56969D07786A}.Debug|Any CPU.ActiveCfg = Debug|Any CPU
		{4951B099-2FEB-466A-BD28-56969D07786A}.Debug|Any CPU.Build.0 = Debug|Any CPU
		{4951B099-2FEB-466A-BD28-56969D07786A}.Release|Any CPU.ActiveCfg = Release|Any CPU
		{4951B099-2FEB-466A-BD28-56969D07786A}.Release|Any CPU.Build.0 = Release|Any CPU
		{3C8E3104-7C8D-4C4A-9293-EA68E82DA56D}.Debug|Any CPU.ActiveCfg = Debug|Any CPU
		{3C8E3104-7C8D-4C4A-9293-EA68E82DA56D}.Debug|Any CPU.Build.0 = Debug|Any CPU
		{3C8E3104-7C8D-4C4A-9293-EA68E82DA56D}.Release|Any CPU.ActiveCfg = Release|Any CPU
		{3C8E3104-7C8D-4C4A-9293-EA68E82DA56D}.Release|Any CPU.Build.0 = Release|Any CPU
		{0467355A-620B-4EA4-8781-60D671E2166E}.Debug|Any CPU.ActiveCfg = Debug|Any CPU
		{0467355A-620B-4EA4-8781-60D671E2166E}.Debug|Any CPU.Build.0 = Debug|Any CPU
		{0467355A-620B-4EA4-8781-60D671E2166E}.Release|Any CPU.ActiveCfg = Release|Any CPU
		{0467355A-620B-4EA4-8781-60D671E2166E}.Release|Any CPU.Build.0 = Release|Any CPU
		{B731CDDC-726A-4345-8C56-D848A8B97F68}.Debug|Any CPU.ActiveCfg = Debug|Any CPU
		{B731CDDC-726A-4345-8C56-D848A8B97F68}.Debug|Any CPU.Build.0 = Debug|Any CPU
		{B731CDDC-726A-4345-8C56-D848A8B97F68}.Release|Any CPU.ActiveCfg = Release|Any CPU
		{B731CDDC-726A-4345-8C56-D848A8B97F68}.Release|Any CPU.Build.0 = Release|Any CPU
		{999996F8-895A-4A7F-97A6-5862AC1FF2C4}.Debug|Any CPU.ActiveCfg = Debug|Any CPU
		{999996F8-895A-4A7F-97A6-5862AC1FF2C4}.Debug|Any CPU.Build.0 = Debug|Any CPU
		{999996F8-895A-4A7F-97A6-5862AC1FF2C4}.Release|Any CPU.ActiveCfg = Release|Any CPU
		{999996F8-895A-4A7F-97A6-5862AC1FF2C4}.Release|Any CPU.Build.0 = Release|Any CPU
		{C0F5B783-7EFC-4D48-B24A-47D1535968C3}.Debug|Any CPU.ActiveCfg = Debug|Any CPU
		{C0F5B783-7EFC-4D48-B24A-47D1535968C3}.Debug|Any CPU.Build.0 = Debug|Any CPU
		{C0F5B783-7EFC-4D48-B24A-47D1535968C3}.Release|Any CPU.ActiveCfg = Release|Any CPU
		{C0F5B783-7EFC-4D48-B24A-47D1535968C3}.Release|Any CPU.Build.0 = Release|Any CPU
		{ED2CC531-BE78-48FE-A466-5812095D751A}.Debug|Any CPU.ActiveCfg = Debug|Any CPU
		{ED2CC531-BE78-48FE-A466-5812095D751A}.Debug|Any CPU.Build.0 = Debug|Any CPU
		{ED2CC531-BE78-48FE-A466-5812095D751A}.Release|Any CPU.ActiveCfg = Release|Any CPU
		{ED2CC531-BE78-48FE-A466-5812095D751A}.Release|Any CPU.Build.0 = Release|Any CPU
		{0FE98A67-5CDB-4EC6-8C3C-171CCDA4A1C9}.Debug|Any CPU.ActiveCfg = Debug|Any CPU
		{0FE98A67-5CDB-4EC6-8C3C-171CCDA4A1C9}.Debug|Any CPU.Build.0 = Debug|Any CPU
		{0FE98A67-5CDB-4EC6-8C3C-171CCDA4A1C9}.Release|Any CPU.ActiveCfg = Release|Any CPU
		{0FE98A67-5CDB-4EC6-8C3C-171CCDA4A1C9}.Release|Any CPU.Build.0 = Release|Any CPU
		{6A5098EC-B30E-4B4B-8C61-92191084C2A7}.Debug|Any CPU.ActiveCfg = Debug|Any CPU
		{6A5098EC-B30E-4B4B-8C61-92191084C2A7}.Debug|Any CPU.Build.0 = Debug|Any CPU
		{6A5098EC-B30E-4B4B-8C61-92191084C2A7}.Release|Any CPU.ActiveCfg = Release|Any CPU
		{6A5098EC-B30E-4B4B-8C61-92191084C2A7}.Release|Any CPU.Build.0 = Release|Any CPU
		{C4AA0417-9B72-4C9B-A099-7C1606D30703}.Debug|Any CPU.ActiveCfg = Debug|Any CPU
		{C4AA0417-9B72-4C9B-A099-7C1606D30703}.Debug|Any CPU.Build.0 = Debug|Any CPU
		{C4AA0417-9B72-4C9B-A099-7C1606D30703}.Release|Any CPU.ActiveCfg = Release|Any CPU
		{C4AA0417-9B72-4C9B-A099-7C1606D30703}.Release|Any CPU.Build.0 = Release|Any CPU
		{6B74D357-6EF5-4694-9557-7AA334C324A9}.Debug|Any CPU.ActiveCfg = Debug|Any CPU
		{6B74D357-6EF5-4694-9557-7AA334C324A9}.Debug|Any CPU.Build.0 = Debug|Any CPU
		{6B74D357-6EF5-4694-9557-7AA334C324A9}.Release|Any CPU.ActiveCfg = Release|Any CPU
		{6B74D357-6EF5-4694-9557-7AA334C324A9}.Release|Any CPU.Build.0 = Release|Any CPU
	EndGlobalSection
	GlobalSection(SolutionProperties) = preSolution
		HideSolutionNode = FALSE
	EndGlobalSection
	GlobalSection(NestedProjects) = preSolution
		{62D4D709-D285-4B12-B989-F3525177C603} = {C2881782-2D87-44FE-9F23-A4F04DD8A2A5}
		{EE45E858-8180-4ED9-AC1C-34CB42E9FF05} = {C2881782-2D87-44FE-9F23-A4F04DD8A2A5}
		{6DC8650D-9E9C-41A7-A2BD-3E985042DAF2} = {C2881782-2D87-44FE-9F23-A4F04DD8A2A5}
		{1E6768F1-B4E1-4766-BFFA-605F96A2014C} = {0D30A2FC-1E71-44F9-848B-7B884BDA4C7D}
		{0FFC35DD-4025-4B5D-AEBA-04915300F338} = {C2881782-2D87-44FE-9F23-A4F04DD8A2A5}
		{3C580502-56A4-450F-A992-43171D7BCC9B} = {C2881782-2D87-44FE-9F23-A4F04DD8A2A5}
		{419FFE46-87F7-45DA-A454-8C14D470F2CF} = {77B792D2-1826-4138-B75C-1E5872E39B2D}
		{F8877355-7EBA-48BA-B74B-F906F825E47B} = {77B792D2-1826-4138-B75C-1E5872E39B2D}
		{8A664309-237C-42BB-8EAD-92FD304C2ADE} = {12854CC4-466B-4C90-AA64-8C5886B2E3C7}
		{CB2D1E12-78FB-4D4B-9E38-C596015C4448} = {C2881782-2D87-44FE-9F23-A4F04DD8A2A5}
		{6EA69767-C4AB-4EE7-B766-9BEE4173CF28} = {5CCB2971-691B-4984-9E6C-10872034B887}
		{CDC3E186-D663-4144-8A0E-DB98CA0586D0} = {C2881782-2D87-44FE-9F23-A4F04DD8A2A5}
		{196EC8CA-5B80-4F38-8544-8A30D41FCDFE} = {3C580502-56A4-450F-A992-43171D7BCC9B}
		{AFBA3C87-C1A1-4CA2-8AB9-72EDC02524B1} = {0FFC35DD-4025-4B5D-AEBA-04915300F338}
		{00C6501D-C79E-42EC-B399-8992FD714BC3} = {0FFC35DD-4025-4B5D-AEBA-04915300F338}
		{67CC04CD-ED86-4BC2-B23B-C22BC0C858CE} = {0FFC35DD-4025-4B5D-AEBA-04915300F338}
		{3B3C6348-2429-4025-B7BD-F138B2BA61AF} = {0FFC35DD-4025-4B5D-AEBA-04915300F338}
		{B84118B7-684A-4947-B14E-BD650310FF8F} = {0FFC35DD-4025-4B5D-AEBA-04915300F338}
		{2E529E4B-32E6-4C25-AC2E-5362AA167A1C} = {62D4D709-D285-4B12-B989-F3525177C603}
		{4951B099-2FEB-466A-BD28-56969D07786A} = {CB2D1E12-78FB-4D4B-9E38-C596015C4448}
		{3C8E3104-7C8D-4C4A-9293-EA68E82DA56D} = {EE45E858-8180-4ED9-AC1C-34CB42E9FF05}
		{0467355A-620B-4EA4-8781-60D671E2166E} = {CDC3E186-D663-4144-8A0E-DB98CA0586D0}
		{B731CDDC-726A-4345-8C56-D848A8B97F68} = {CDC3E186-D663-4144-8A0E-DB98CA0586D0}
		{999996F8-895A-4A7F-97A6-5862AC1FF2C4} = {CDC3E186-D663-4144-8A0E-DB98CA0586D0}
		{C0F5B783-7EFC-4D48-B24A-47D1535968C3} = {CDC3E186-D663-4144-8A0E-DB98CA0586D0}
		{ED2CC531-BE78-48FE-A466-5812095D751A} = {CDC3E186-D663-4144-8A0E-DB98CA0586D0}
		{0FE98A67-5CDB-4EC6-8C3C-171CCDA4A1C9} = {6DC8650D-9E9C-41A7-A2BD-3E985042DAF2}
		{6A5098EC-B30E-4B4B-8C61-92191084C2A7} = {6DC8650D-9E9C-41A7-A2BD-3E985042DAF2}
		{C4AA0417-9B72-4C9B-A099-7C1606D30703} = {6DC8650D-9E9C-41A7-A2BD-3E985042DAF2}
		{6B74D357-6EF5-4694-9557-7AA334C324A9} = {6DC8650D-9E9C-41A7-A2BD-3E985042DAF2}
	EndGlobalSection
	GlobalSection(ExtensibilityGlobals) = postSolution
		SolutionGuid = {64911ED4-D91D-4F81-B9AB-7678EA6CF39B}
	EndGlobalSection
EndGlobal
